
Microsoft Visual Studio Solution File, Format Version 12.00
# Visual Studio Version 17
VisualStudioVersion = 17.11.35312.102
MinimumVisualStudioVersion = 10.0.40219.1
Project("{FAE04EC0-301F-11D3-BF4B-00C04F79EFBC}") = "Planilhas", "Planilhas\Planilhas.csproj", "{D5B0F174-AA5A-464D-816A-A41FDBB2923E}"
EndProject
Global
	GlobalSection(SolutionConfigurationPlatforms) = preSolution
		Debug|Any CPU = Debug|Any CPU
		Release|Any CPU = Release|Any CPU
	EndGlobalSection
	GlobalSection(ProjectConfigurationPlatforms) = postSolution
		{D5B0F174-AA5A-464D-816A-A41FDBB2923E}.Debug|Any CPU.ActiveCfg = Debug|Any CPU
		{D5B0F174-AA5A-464D-816A-A41FDBB2923E}.Debug|Any CPU.Build.0 = Debug|Any CPU
		{D5B0F174-AA5A-464D-816A-A41FDBB2923E}.Release|Any CPU.ActiveCfg = Release|Any CPU
		{D5B0F174-AA5A-464D-816A-A41FDBB2923E}.Release|Any CPU.Build.0 = Release|Any CPU
	EndGlobalSection
	GlobalSection(SolutionProperties) = preSolution
		HideSolutionNode = FALSE
	EndGlobalSection
	GlobalSection(ExtensibilityGlobals) = postSolution
		SolutionGuid = {683CE682-6789-4188-AFD6-92D324539486}
	EndGlobalSection
EndGlobal
